{
  "version": 4,
  "terraform_version": "1.3.8",
  "serial": 15,
  "lineage": "e09d70eb-7b47-24e3-062e-6413431b20a4",
  "outputs": {},
  "resources": [
    {
      "mode": "managed",
      "type": "aws_instance",
      "name": "app_server",
      "provider": "provider[\"registry.terraform.io/hashicorp/aws\"]",
      "instances": [
        {
          "schema_version": 1,
          "attributes": {
            "ami": "ami-0b752bf1df193a6c4",
            "arn": "arn:aws:ec2:eu-west-1:180477723057:instance/i-02f01e4215450630b",
            "associate_public_ip_address": true,
            "availability_zone": "eu-west-1a",
            "capacity_reservation_specification": [
              {
                "capacity_reservation_preference": "open",
                "capacity_reservation_target": []
              }
            ],
            "cpu_core_count": 1,
            "cpu_threads_per_core": 1,
            "credit_specification": [
              {
                "cpu_credits": "standard"
              }
            ],
            "disable_api_stop": false,
            "disable_api_termination": false,
            "ebs_block_device": [],
            "ebs_optimized": false,
            "enclave_options": [
              {
                "enabled": false
              }
            ],
            "ephemeral_block_device": [],
            "get_password_data": false,
            "hibernation": false,
            "host_id": "",
            "host_resource_group_arn": null,
            "iam_instance_profile": "",
            "id": "i-02f01e4215450630b",
            "instance_initiated_shutdown_behavior": "stop",
            "instance_state": "running",
            "instance_type": "t2.micro",
            "ipv6_address_count": 0,
            "ipv6_addresses": [],
            "key_name": "clavelucatic2",
            "launch_template": [],
            "maintenance_options": [
              {
                "auto_recovery": "default"
              }
            ],
            "metadata_options": [
              {
                "http_endpoint": "enabled",
                "http_put_response_hop_limit": 1,
                "http_tokens": "optional",
                "instance_metadata_tags": "disabled"
              }
            ],
            "monitoring": false,
            "network_interface": [],
            "outpost_arn": "",
            "password_data": "",
            "placement_group": "",
            "placement_partition_number": 0,
            "primary_network_interface_id": "eni-0603c8869a25b46c0",
            "private_dns": "ip-172-31-33-128.eu-west-1.compute.internal",
            "private_dns_name_options": [
              {
                "enable_resource_name_dns_a_record": false,
                "enable_resource_name_dns_aaaa_record": false,
                "hostname_type": "ip-name"
              }
            ],
            "private_ip": "172.31.33.128",
            "public_dns": "ec2-34-241-120-106.eu-west-1.compute.amazonaws.com",
            "public_ip": "34.241.120.106",
            "root_block_device": [
              {
                "delete_on_termination": true,
                "device_name": "/dev/xvda",
                "encrypted": false,
                "iops": 100,
                "kms_key_id": "",
                "tags": {},
                "throughput": 0,
                "volume_id": "vol-01439bad802d831d5",
                "volume_size": 8,
                "volume_type": "gp2"
              }
            ],
            "secondary_private_ips": [],
            "security_groups": [
              "launch-wizard-2"
            ],
            "source_dest_check": true,
            "subnet_id": "subnet-0618f5dbc5a4b2f81",
            "tags": {
              "APP": "vue2048",
              "Name": "InstanciaTerraform"
            },
            "tags_all": {
              "APP": "vue2048",
              "Name": "InstanciaTerraform"
            },
            "tenancy": "default",
            "timeouts": null,
            "user_data": null,
            "user_data_base64": "IyEvYmluL3NoCmFtYXpvbi1saW51eC1leHRyYXMgaW5zdGFsbCAteSBkb2NrZXIKCnNlcnZpY2UgZG9ja2VyIHN0YXJ0CnN5c3RlbWN0bCBlbmFibGUgZG9ja2VyCgp1c2VybW9kIC1hIC1HIGRvY2tlciBlYzItdXNlcgoKcGlwMyBpbnN0YWxsIGRvY2tlci1jb21wb3NlCgp3Z2V0IGh0dHBzOi8vcmF3LmdpdGh1YnVzZXJjb250ZW50LmNvbS9xZWJ5bi9oZWxsby0yMDQ4L21haW4vZG9ja2VyLWNvbXBvc2UueW1sCgpjaG93biBlYzItdXNlciBkb2NrZXItY29tcG9zZS55bWwKCmRvY2tlci1jb21wb3NlIHB1bGwKCmRvY2tlci1jb21wb3NlIHVwIC1kCg==",
            "user_data_replace_on_change": false,
            "volume_tags": null,
            "vpc_security_group_ids": [
              "sg-00f6a6f34d22821b4"
            ]
          },
          "sensitive_attributes": [],
          "private": "eyJlMmJmYjczMC1lY2FhLTExZTYtOGY4OC0zNDM2M2JjN2M0YzAiOnsiY3JlYXRlIjo2MDAwMDAwMDAwMDAsImRlbGV0ZSI6MTIwMDAwMDAwMDAwMCwidXBkYXRlIjo2MDAwMDAwMDAwMDB9LCJzY2hlbWFfdmVyc2lvbiI6IjEifQ=="
        }
      ]
    }
  ],
  "check_results": null
}
